
Microsoft Visual Studio Solution File, Format Version 12.00
# Visual Studio Version 17
VisualStudioVersion = 17.5.33530.505
MinimumVisualStudioVersion = 10.0.40219.1
Project("{2150E333-8FDC-42A3-9474-1A3956D46DE8}") = "Launchers", "Launchers", "{F22F8C23-47E0-4134-A905-207A3E700A9E}"
EndProject
Project("{2150E333-8FDC-42A3-9474-1A3956D46DE8}") = "Mod", "Mod", "{8EE062AD-CAD4-4B30-BFEE-72A748B96AA4}"
EndProject
Project("{2150E333-8FDC-42A3-9474-1A3956D46DE8}") = "Documentation", "Documentation", "{3633A4A6-E7AA-4344-863A-74CBD1B3BCBF}"
	ProjectSection(SolutionItems) = preProject
		docs\LICENCE.md = docs\LICENCE.md
		docs\README.md = docs\README.md
	EndProjectSection
EndProject
Project("{2150E333-8FDC-42A3-9474-1A3956D46DE8}") = "Tests", "Tests", "{7EF38F86-0520-4237-8EC4-C1856920D811}"
EndProject
Project("{9A19103F-16F7-4668-BE54-9A1E7A4F7556}") = "CampaignCartographer.Tests.Unit", "tests\CampaignCartographer.Tests.Unit\CampaignCartographer.Tests.Unit.csproj", "{23C8C0C2-CF69-4956-80BC-ADF48B04F392}"
EndProject
Project("{2150E333-8FDC-42A3-9474-1A3956D46DE8}") = "Build", "Build", "{02AF42D2-1FD8-4903-A4F1-5D587F06DF34}"
	ProjectSection(SolutionItems) = preProject
		src\Directory.Build.props = src\Directory.Build.props
		src\Directory.Build.targets = src\Directory.Build.targets
		gitupdate.bat = gitupdate.bat
		reallyRefresh.bat = reallyRefresh.bat
	EndProjectSection
EndProject
Project("{9A19103F-16F7-4668-BE54-9A1E7A4F7556}") = "CampaignCartographer", "src\CampaignCartographer\CampaignCartographer.csproj", "{FC5B486D-5440-48A7-8F6A-ECE178556884}"
EndProject
Project("{2150E333-8FDC-42A3-9474-1A3956D46DE8}") = "Gantry", "Gantry", "{A79CBC2C-EF31-4D1D-A4E1-49112831995B}"
EndProject
Project("{9A19103F-16F7-4668-BE54-9A1E7A4F7556}") = "Gantry", "..\..\..\Gantry\src\Gantry\Gantry.csproj", "{70987259-0649-403A-95E7-12AB5AF5C82C}"
EndProject
Project("{9A19103F-16F7-4668-BE54-9A1E7A4F7556}") = "ClientLauncher", "..\..\..\CoreClrLauncher\src\ClientLauncher\ClientLauncher.csproj", "{8331DEE8-7E25-43FC-825F-143064F7B342}"
	ProjectSection(ProjectDependencies) = postProject
		{FC5B486D-5440-48A7-8F6A-ECE178556884} = {FC5B486D-5440-48A7-8F6A-ECE178556884}
	EndProjectSection
EndProject
Project("{9A19103F-16F7-4668-BE54-9A1E7A4F7556}") = "ClientLauncherCA", "..\..\..\CoreClrLauncher\src\ClientLauncherCA\ClientLauncherCA.csproj", "{4E1601F6-727F-4803-B18E-86C80517B04F}"
EndProject
Project("{9A19103F-16F7-4668-BE54-9A1E7A4F7556}") = "ServerLauncher", "..\..\..\CoreClrLauncher\src\ServerLauncher\ServerLauncher.csproj", "{E7BF2A26-47AD-4CC3-AB5A-C2EDDC53FA73}"
EndProject
Project("{2150E333-8FDC-42A3-9474-1A3956D46DE8}") = "Build", "Build", "{B9E00F31-824B-4FE9-A3DB-95811BEFFE6A}"
	ProjectSection(SolutionItems) = preProject
		..\..\..\Gantry\src\Directory.Build.props = ..\..\..\Gantry\src\Directory.Build.props
		..\..\..\Gantry\src\Directory.Build.targets = ..\..\..\Gantry\src\Directory.Build.targets
		..\..\..\Gantry\src\Directory.Packages.props = ..\..\..\Gantry\src\Directory.Packages.props
	EndProjectSection
EndProject
Global
	GlobalSection(SolutionConfigurationPlatforms) = preSolution
		Debug|Any CPU = Debug|Any CPU
		Package|Any CPU = Package|Any CPU
		Release|Any CPU = Release|Any CPU
	EndGlobalSection
	GlobalSection(ProjectConfigurationPlatforms) = postSolution
		{23C8C0C2-CF69-4956-80BC-ADF48B04F392}.Debug|Any CPU.ActiveCfg = Debug|Any CPU
		{23C8C0C2-CF69-4956-80BC-ADF48B04F392}.Debug|Any CPU.Build.0 = Debug|Any CPU
		{23C8C0C2-CF69-4956-80BC-ADF48B04F392}.Package|Any CPU.ActiveCfg = Release|Any CPU
		{23C8C0C2-CF69-4956-80BC-ADF48B04F392}.Package|Any CPU.Build.0 = Release|Any CPU
		{23C8C0C2-CF69-4956-80BC-ADF48B04F392}.Release|Any CPU.ActiveCfg = Release|Any CPU
		{23C8C0C2-CF69-4956-80BC-ADF48B04F392}.Release|Any CPU.Build.0 = Release|Any CPU
		{FC5B486D-5440-48A7-8F6A-ECE178556884}.Debug|Any CPU.ActiveCfg = Debug|Any CPU
		{FC5B486D-5440-48A7-8F6A-ECE178556884}.Debug|Any CPU.Build.0 = Debug|Any CPU
		{FC5B486D-5440-48A7-8F6A-ECE178556884}.Package|Any CPU.ActiveCfg = Package|Any CPU
		{FC5B486D-5440-48A7-8F6A-ECE178556884}.Package|Any CPU.Build.0 = Package|Any CPU
		{FC5B486D-5440-48A7-8F6A-ECE178556884}.Release|Any CPU.ActiveCfg = Release|Any CPU
		{FC5B486D-5440-48A7-8F6A-ECE178556884}.Release|Any CPU.Build.0 = Release|Any CPU
		{70987259-0649-403A-95E7-12AB5AF5C82C}.Debug|Any CPU.ActiveCfg = Debug|Any CPU
		{70987259-0649-403A-95E7-12AB5AF5C82C}.Debug|Any CPU.Build.0 = Debug|Any CPU
		{70987259-0649-403A-95E7-12AB5AF5C82C}.Package|Any CPU.ActiveCfg = Package|Any CPU
		{70987259-0649-403A-95E7-12AB5AF5C82C}.Package|Any CPU.Build.0 = Package|Any CPU
		{70987259-0649-403A-95E7-12AB5AF5C82C}.Release|Any CPU.ActiveCfg = Release|Any CPU
		{70987259-0649-403A-95E7-12AB5AF5C82C}.Release|Any CPU.Build.0 = Release|Any CPU
		{8331DEE8-7E25-43FC-825F-143064F7B342}.Debug|Any CPU.ActiveCfg = Debug|Any CPU
		{8331DEE8-7E25-43FC-825F-143064F7B342}.Debug|Any CPU.Build.0 = Debug|Any CPU
		{8331DEE8-7E25-43FC-825F-143064F7B342}.Package|Any CPU.ActiveCfg = Package|Any CPU
		{8331DEE8-7E25-43FC-825F-143064F7B342}.Package|Any CPU.Build.0 = Package|Any CPU
		{8331DEE8-7E25-43FC-825F-143064F7B342}.Release|Any CPU.ActiveCfg = Release|Any CPU
		{8331DEE8-7E25-43FC-825F-143064F7B342}.Release|Any CPU.Build.0 = Release|Any CPU
		{4E1601F6-727F-4803-B18E-86C80517B04F}.Debug|Any CPU.ActiveCfg = Debug|Any CPU
		{4E1601F6-727F-4803-B18E-86C80517B04F}.Debug|Any CPU.Build.0 = Debug|Any CPU
		{4E1601F6-727F-4803-B18E-86C80517B04F}.Package|Any CPU.ActiveCfg = Package|Any CPU
		{4E1601F6-727F-4803-B18E-86C80517B04F}.Package|Any CPU.Build.0 = Package|Any CPU
		{4E1601F6-727F-4803-B18E-86C80517B04F}.Release|Any CPU.ActiveCfg = Release|Any CPU
		{4E1601F6-727F-4803-B18E-86C80517B04F}.Release|Any CPU.Build.0 = Release|Any CPU
		{E7BF2A26-47AD-4CC3-AB5A-C2EDDC53FA73}.Debug|Any CPU.ActiveCfg = Debug|Any CPU
		{E7BF2A26-47AD-4CC3-AB5A-C2EDDC53FA73}.Debug|Any CPU.Build.0 = Debug|Any CPU
		{E7BF2A26-47AD-4CC3-AB5A-C2EDDC53FA73}.Package|Any CPU.ActiveCfg = Package|Any CPU
		{E7BF2A26-47AD-4CC3-AB5A-C2EDDC53FA73}.Package|Any CPU.Build.0 = Package|Any CPU
		{E7BF2A26-47AD-4CC3-AB5A-C2EDDC53FA73}.Release|Any CPU.ActiveCfg = Release|Any CPU
		{E7BF2A26-47AD-4CC3-AB5A-C2EDDC53FA73}.Release|Any CPU.Build.0 = Release|Any CPU
	EndGlobalSection
	GlobalSection(SolutionProperties) = preSolution
		HideSolutionNode = FALSE
	EndGlobalSection
	GlobalSection(NestedProjects) = preSolution
		{23C8C0C2-CF69-4956-80BC-ADF48B04F392} = {7EF38F86-0520-4237-8EC4-C1856920D811}
		{02AF42D2-1FD8-4903-A4F1-5D587F06DF34} = {8EE062AD-CAD4-4B30-BFEE-72A748B96AA4}
		{FC5B486D-5440-48A7-8F6A-ECE178556884} = {8EE062AD-CAD4-4B30-BFEE-72A748B96AA4}
		{70987259-0649-403A-95E7-12AB5AF5C82C} = {A79CBC2C-EF31-4D1D-A4E1-49112831995B}
		{8331DEE8-7E25-43FC-825F-143064F7B342} = {F22F8C23-47E0-4134-A905-207A3E700A9E}
		{4E1601F6-727F-4803-B18E-86C80517B04F} = {F22F8C23-47E0-4134-A905-207A3E700A9E}
		{E7BF2A26-47AD-4CC3-AB5A-C2EDDC53FA73} = {F22F8C23-47E0-4134-A905-207A3E700A9E}
		{B9E00F31-824B-4FE9-A3DB-95811BEFFE6A} = {A79CBC2C-EF31-4D1D-A4E1-49112831995B}
	EndGlobalSection
	GlobalSection(ExtensibilityGlobals) = postSolution
		SolutionGuid = {603A1432-7DAA-410C-9259-CBD9DB944EF3}
	EndGlobalSection
EndGlobal
